
Microsoft Visual Studio Solution File, Format Version 12.00
# Visual Studio 2012
Project("{FAE04EC0-301F-11D3-BF4B-00C04F79EFBC}") = "RaytracerDemoScript", "RayTracerDemoScript\RaytracerDemoScript.csproj", "{68211525-A382-41EF-B185-705649FE0572}"
EndProject
Project("{E24C65DC-7377-472B-9ABA-BC803B73C61A}") = "WebSite", "WebSite\", "{6A2C68E4-7FBB-4599-BC80-C155BA9236FF}"
	ProjectSection(WebsiteProperties) = preProject
		TargetFrameworkMoniker = ".NETFramework,Version%3Dv4.5"
		Debug.AspNetCompiler.VirtualPath = "/WebSite"
		Debug.AspNetCompiler.PhysicalPath = "WebSite\"
		Debug.AspNetCompiler.TargetPath = "PrecompiledWeb\WebSite\"
		Debug.AspNetCompiler.Updateable = "true"
		Debug.AspNetCompiler.ForceOverwrite = "true"
		Debug.AspNetCompiler.FixedNames = "false"
		Debug.AspNetCompiler.Debug = "True"
		Release.AspNetCompiler.VirtualPath = "/WebSite"
		Release.AspNetCompiler.PhysicalPath = "WebSite\"
		Release.AspNetCompiler.TargetPath = "PrecompiledWeb\WebSite\"
		Release.AspNetCompiler.Updateable = "true"
		Release.AspNetCompiler.ForceOverwrite = "true"
		Release.AspNetCompiler.FixedNames = "false"
		Release.AspNetCompiler.Debug = "False"
		VWDPort = "4317"
	EndProjectSection
EndProject
Global
	GlobalSection(SolutionConfigurationPlatforms) = preSolution
		Debug|Any CPU = Debug|Any CPU
		Release|Any CPU = Release|Any CPU
	EndGlobalSection
	GlobalSection(ProjectConfigurationPlatforms) = postSolution
		{68211525-A382-41EF-B185-705649FE0572}.Debug|Any CPU.ActiveCfg = Debug|Any CPU
		{68211525-A382-41EF-B185-705649FE0572}.Debug|Any CPU.Build.0 = Debug|Any CPU
		{68211525-A382-41EF-B185-705649FE0572}.Release|Any CPU.ActiveCfg = Release|Any CPU
		{68211525-A382-41EF-B185-705649FE0572}.Release|Any CPU.Build.0 = Release|Any CPU
		{6A2C68E4-7FBB-4599-BC80-C155BA9236FF}.Debug|Any CPU.ActiveCfg = Debug|Any CPU
		{6A2C68E4-7FBB-4599-BC80-C155BA9236FF}.Debug|Any CPU.Build.0 = Debug|Any CPU
		{6A2C68E4-7FBB-4599-BC80-C155BA9236FF}.Release|Any CPU.ActiveCfg = Debug|Any CPU
		{6A2C68E4-7FBB-4599-BC80-C155BA9236FF}.Release|Any CPU.Build.0 = Debug|Any CPU
	EndGlobalSection
	GlobalSection(SolutionProperties) = preSolution
		HideSolutionNode = FALSE
	EndGlobalSection
EndGlobal
